
Microsoft Visual Studio Solution File, Format Version 12.00
# Visual Studio Version 17
VisualStudioVersion = 17.3.32825.248
MinimumVisualStudioVersion = 10.0.40219.1
Project("{8BC9CEB8-8B4A-11D0-8D11-00A0C91BC942}") = "MultiDiva", "MultiDiva.vcxproj", "{0C60BF34-4E35-4870-ABF6-248836072379}"
EndProject
Global
	GlobalSection(SolutionConfigurationPlatforms) = preSolution
		Debug|x64 = Debug|x64
		Debug|x86 = Debug|x86
		Release|x64 = Release|x64
		Release|x86 = Release|x86
	EndGlobalSection
	GlobalSection(ProjectConfigurationPlatforms) = postSolution
		{0C60BF34-4E35-4870-ABF6-248836072379}.Debug|x86.ActiveCfg = Debug|Win32
		{0C60BF34-4E35-4870-ABF6-248836072379}.Debug|x86.Build.0 = Debug|Win32
		{0C60BF34-4E35-4870-ABF6-248836072379}.Release|x64.ActiveCfg = Release|x64
		{0C60BF34-4E35-4870-ABF6-248836072379}.Release|x64.Build.0 = Release|x64
		{0C60BF34-4E35-4870-ABF6-248836072379}.Release|x86.ActiveCfg = Release|Win32
		{0C60BF34-4E35-4870-ABF6-248836072379}.Release|x86.Build.0 = Release|Win32
		{0C60BF34-4E35-4870-ABF6-248836072379}.Debug|x64.ActiveCfg = Release|x64
		{0C60BF34-4E35-4870-ABF6-248836072379}.Debug|x64.Build.0 = Release|x64
	EndGlobalSection
	GlobalSection(SolutionProperties) = preSolution
		HideSolutionNode = FALSE
	EndGlobalSection
	GlobalSection(ExtensibilityGlobals) = postSolution
		SolutionGuid = {455C1EDC-C6A9-4885-85BA-5340261CEB34}
	EndGlobalSection
EndGlobal
